
Microsoft Visual Studio Solution File, Format Version 12.00
# Visual Studio Version 17
VisualStudioVersion = 17.14.36408.4
MinimumVisualStudioVersion = 10.0.40219.1
Project("{2150E333-8FDC-42A3-9474-1A3956D46DE8}") = "src", "src", "{02EA681E-C7D8-13C7-8484-4AC65E1B71E8}"
EndProject
Project("{2150E333-8FDC-42A3-9474-1A3956D46DE8}") = "Services", "Services", "{DEC4F266-D133-40D3-ACEB-3541C0A922BD}"
EndProject
Project("{2150E333-8FDC-42A3-9474-1A3956D46DE8}") = "Shared", "Shared", "{622A6C1A-4082-4B0D-9A9B-4D0FB0B59038}"
EndProject
Project("{2150E333-8FDC-42A3-9474-1A3956D46DE8}") = "tests", "tests", "{3562405A-DC0A-41B3-B378-95593AC7AD8B}"
EndProject
Project("{2150E333-8FDC-42A3-9474-1A3956D46DE8}") = "Bank", "Bank", "{B0ABCD09-9A82-4EC8-8CBB-21BE8EF542DD}"
EndProject
Project("{2150E333-8FDC-42A3-9474-1A3956D46DE8}") = "Backend", "Backend", "{95BFC8F6-E9CB-4C5E-A5D6-9E3290480818}"
EndProject
Project("{2150E333-8FDC-42A3-9474-1A3956D46DE8}") = "Frontend", "Frontend", "{1BEB0E34-1254-4820-8757-73C7F6C636CC}"
EndProject
Project("{FAE04EC0-301F-11D3-BF4B-00C04F79EFBC}") = "Bank.Core.WebUI", "src\Services\Bank\Backend\Bank.Core.WebUI\Bank.Core.WebUI.csproj", "{4831AB8A-78CA-49D2-B803-317D3DF4AD47}"
EndProject
Project("{FAE04EC0-301F-11D3-BF4B-00C04F79EFBC}") = "Bank.Core.Application", "src\Services\Bank\Backend\Bank.Core.Application\Bank.Core.Application.csproj", "{581B2B05-541F-43C3-A3C7-34E3F8B9E224}"
EndProject
Project("{FAE04EC0-301F-11D3-BF4B-00C04F79EFBC}") = "Bank.Core.Domain", "src\Services\Bank\Backend\Bank.Core.Domain\Bank.Core.Domain.csproj", "{506FBA62-F316-4781-8AF2-5EAABD61667A}"
EndProject
Project("{FAE04EC0-301F-11D3-BF4B-00C04F79EFBC}") = "Bank.Core.Infrastructure", "src\Services\Bank\Backend\Bank.Core.Infrastructure\Bank.Core.Infrastructure.csproj", "{D8B634CD-D48C-477A-9F41-B0BC17192B50}"
EndProject
Project("{2150E333-8FDC-42A3-9474-1A3956D46DE8}") = "Identity", "Identity", "{371C4A54-79AD-4D66-9C44-701C43BA3E41}"
EndProject
Project("{FAE04EC0-301F-11D3-BF4B-00C04F79EFBC}") = "Bank.Identity.WebUI", "src\Services\Identity\Bank.Identity.WebUI\Bank.Identity.WebUI.csproj", "{140E0953-1928-46EF-99F8-96168BFC51AF}"
EndProject
Project("{FAE04EC0-301F-11D3-BF4B-00C04F79EFBC}") = "Identity.Server", "src\Services\Identity\Identity.Server\Identity.Server.csproj", "{D9A5AA66-AADE-4FDB-A38E-3533C97D47E6}"
EndProject
Global
	GlobalSection(SolutionConfigurationPlatforms) = preSolution
		Debug|Any CPU = Debug|Any CPU
		Release|Any CPU = Release|Any CPU
	EndGlobalSection
	GlobalSection(ProjectConfigurationPlatforms) = postSolution
		{4831AB8A-78CA-49D2-B803-317D3DF4AD47}.Debug|Any CPU.ActiveCfg = Debug|Any CPU
		{4831AB8A-78CA-49D2-B803-317D3DF4AD47}.Debug|Any CPU.Build.0 = Debug|Any CPU
		{4831AB8A-78CA-49D2-B803-317D3DF4AD47}.Release|Any CPU.ActiveCfg = Release|Any CPU
		{4831AB8A-78CA-49D2-B803-317D3DF4AD47}.Release|Any CPU.Build.0 = Release|Any CPU
		{581B2B05-541F-43C3-A3C7-34E3F8B9E224}.Debug|Any CPU.ActiveCfg = Debug|Any CPU
		{581B2B05-541F-43C3-A3C7-34E3F8B9E224}.Debug|Any CPU.Build.0 = Debug|Any CPU
		{581B2B05-541F-43C3-A3C7-34E3F8B9E224}.Release|Any CPU.ActiveCfg = Release|Any CPU
		{581B2B05-541F-43C3-A3C7-34E3F8B9E224}.Release|Any CPU.Build.0 = Release|Any CPU
		{506FBA62-F316-4781-8AF2-5EAABD61667A}.Debug|Any CPU.ActiveCfg = Debug|Any CPU
		{506FBA62-F316-4781-8AF2-5EAABD61667A}.Debug|Any CPU.Build.0 = Debug|Any CPU
		{506FBA62-F316-4781-8AF2-5EAABD61667A}.Release|Any CPU.ActiveCfg = Release|Any CPU
		{506FBA62-F316-4781-8AF2-5EAABD61667A}.Release|Any CPU.Build.0 = Release|Any CPU
		{D8B634CD-D48C-477A-9F41-B0BC17192B50}.Debug|Any CPU.ActiveCfg = Debug|Any CPU
		{D8B634CD-D48C-477A-9F41-B0BC17192B50}.Debug|Any CPU.Build.0 = Debug|Any CPU
		{D8B634CD-D48C-477A-9F41-B0BC17192B50}.Release|Any CPU.ActiveCfg = Release|Any CPU
		{D8B634CD-D48C-477A-9F41-B0BC17192B50}.Release|Any CPU.Build.0 = Release|Any CPU
		{140E0953-1928-46EF-99F8-96168BFC51AF}.Debug|Any CPU.ActiveCfg = Debug|Any CPU
		{140E0953-1928-46EF-99F8-96168BFC51AF}.Debug|Any CPU.Build.0 = Debug|Any CPU
		{140E0953-1928-46EF-99F8-96168BFC51AF}.Release|Any CPU.ActiveCfg = Release|Any CPU
		{140E0953-1928-46EF-99F8-96168BFC51AF}.Release|Any CPU.Build.0 = Release|Any CPU
		{D9A5AA66-AADE-4FDB-A38E-3533C97D47E6}.Debug|Any CPU.ActiveCfg = Debug|Any CPU
		{D9A5AA66-AADE-4FDB-A38E-3533C97D47E6}.Debug|Any CPU.Build.0 = Debug|Any CPU
		{D9A5AA66-AADE-4FDB-A38E-3533C97D47E6}.Release|Any CPU.ActiveCfg = Release|Any CPU
		{D9A5AA66-AADE-4FDB-A38E-3533C97D47E6}.Release|Any CPU.Build.0 = Release|Any CPU
	EndGlobalSection
	GlobalSection(SolutionProperties) = preSolution
		HideSolutionNode = FALSE
	EndGlobalSection
	GlobalSection(NestedProjects) = preSolution
		{DEC4F266-D133-40D3-ACEB-3541C0A922BD} = {02EA681E-C7D8-13C7-8484-4AC65E1B71E8}
		{622A6C1A-4082-4B0D-9A9B-4D0FB0B59038} = {02EA681E-C7D8-13C7-8484-4AC65E1B71E8}
		{B0ABCD09-9A82-4EC8-8CBB-21BE8EF542DD} = {DEC4F266-D133-40D3-ACEB-3541C0A922BD}
		{95BFC8F6-E9CB-4C5E-A5D6-9E3290480818} = {B0ABCD09-9A82-4EC8-8CBB-21BE8EF542DD}
		{1BEB0E34-1254-4820-8757-73C7F6C636CC} = {B0ABCD09-9A82-4EC8-8CBB-21BE8EF542DD}
		{4831AB8A-78CA-49D2-B803-317D3DF4AD47} = {95BFC8F6-E9CB-4C5E-A5D6-9E3290480818}
		{581B2B05-541F-43C3-A3C7-34E3F8B9E224} = {95BFC8F6-E9CB-4C5E-A5D6-9E3290480818}
		{506FBA62-F316-4781-8AF2-5EAABD61667A} = {95BFC8F6-E9CB-4C5E-A5D6-9E3290480818}
		{D8B634CD-D48C-477A-9F41-B0BC17192B50} = {95BFC8F6-E9CB-4C5E-A5D6-9E3290480818}
		{371C4A54-79AD-4D66-9C44-701C43BA3E41} = {DEC4F266-D133-40D3-ACEB-3541C0A922BD}
		{140E0953-1928-46EF-99F8-96168BFC51AF} = {371C4A54-79AD-4D66-9C44-701C43BA3E41}
		{D9A5AA66-AADE-4FDB-A38E-3533C97D47E6} = {371C4A54-79AD-4D66-9C44-701C43BA3E41}
	EndGlobalSection
	GlobalSection(ExtensibilityGlobals) = postSolution
		SolutionGuid = {01D0DAB0-008A-4CFB-8403-A9C9681D0A27}
	EndGlobalSection
EndGlobal
