
Microsoft Visual Studio Solution File, Format Version 12.00
# Visual Studio Version 17
VisualStudioVersion = 17.14.36408.4
MinimumVisualStudioVersion = 10.0.40219.1
Project("{2150E333-8FDC-42A3-9474-1A3956D46DE8}") = "src", "src", "{02EA681E-C7D8-13C7-8484-4AC65E1B71E8}"
EndProject
Project("{2150E333-8FDC-42A3-9474-1A3956D46DE8}") = "Services", "Services", "{DEC4F266-D133-40D3-ACEB-3541C0A922BD}"
EndProject
Project("{2150E333-8FDC-42A3-9474-1A3956D46DE8}") = "Shared", "Shared", "{622A6C1A-4082-4B0D-9A9B-4D0FB0B59038}"
EndProject
Project("{2150E333-8FDC-42A3-9474-1A3956D46DE8}") = "tests", "tests", "{3562405A-DC0A-41B3-B378-95593AC7AD8B}"
EndProject
Project("{2150E333-8FDC-42A3-9474-1A3956D46DE8}") = "BankService", "BankService", "{95BFC8F6-E9CB-4C5E-A5D6-9E3290480818}"
EndProject
Project("{FAE04EC0-301F-11D3-BF4B-00C04F79EFBC}") = "Bank.API.WebUI", "src\Services\BankService\Bank.API.WebUI\Bank.API.WebUI.csproj", "{F7EE52F2-54FC-4AEC-B263-312ECB31C146}"
EndProject
Project("{FAE04EC0-301F-11D3-BF4B-00C04F79EFBC}") = "Bank.API.Domain", "src\Services\BankService\Bank.API.Domain\Bank.API.Domain.csproj", "{690CD71C-D9F8-4C96-9893-E8007EAF1B5A}"
EndProject
Project("{FAE04EC0-301F-11D3-BF4B-00C04F79EFBC}") = "Bank.API.Infrastructure", "src\Services\BankService\Bank.API.Infrastructure\Bank.API.Infrastructure.csproj", "{F8DC12D7-53EE-40B8-AE15-D2A52E5FCB71}"
EndProject
Project("{FAE04EC0-301F-11D3-BF4B-00C04F79EFBC}") = "Bank.API.Application", "src\Services\BankService\Bank.API.Application\Bank.API.Application.csproj", "{F6E49A32-D0CA-4597-A5BE-AE6FC92D2C2A}"
EndProject
Project("{2150E333-8FDC-42A3-9474-1A3956D46DE8}") = "TransactionsService", "TransactionsService", "{0EB18071-CDAB-4F53-AD73-577AC39D1319}"
EndProject
Project("{FAE04EC0-301F-11D3-BF4B-00C04F79EFBC}") = "Transactions.WebUI", "src\Services\TransactionsService\Transactions.WebUI\Transactions.WebUI.csproj", "{ABD603BB-0EE3-4F1B-B84E-1CFE2C6516CE}"
EndProject
Project("{FAE04EC0-301F-11D3-BF4B-00C04F79EFBC}") = "Transactions.Infrastructure", "src\Services\TransactionsService\Transactions.Infrastructure\Transactions.Infrastructure.csproj", "{8D5C7BA1-C2C5-4F66-A355-0629BFF5767B}"
EndProject
Project("{FAE04EC0-301F-11D3-BF4B-00C04F79EFBC}") = "Transactions.Domain", "src\Services\TransactionsService\Transactions.Domain\Transactions.Domain.csproj", "{78B11538-D04A-4A22-90DD-FD1D85B83315}"
EndProject
Project("{FAE04EC0-301F-11D3-BF4B-00C04F79EFBC}") = "Transactions.Application", "src\Services\TransactionsService\Transactions.Application\Transactions.Application.csproj", "{95C0C611-A3E5-4500-A0E1-051891597848}"
EndProject
Global
	GlobalSection(SolutionConfigurationPlatforms) = preSolution
		Debug|Any CPU = Debug|Any CPU
		Release|Any CPU = Release|Any CPU
	EndGlobalSection
	GlobalSection(ProjectConfigurationPlatforms) = postSolution
		{F7EE52F2-54FC-4AEC-B263-312ECB31C146}.Debug|Any CPU.ActiveCfg = Debug|Any CPU
		{F7EE52F2-54FC-4AEC-B263-312ECB31C146}.Debug|Any CPU.Build.0 = Debug|Any CPU
		{F7EE52F2-54FC-4AEC-B263-312ECB31C146}.Release|Any CPU.ActiveCfg = Release|Any CPU
		{F7EE52F2-54FC-4AEC-B263-312ECB31C146}.Release|Any CPU.Build.0 = Release|Any CPU
		{690CD71C-D9F8-4C96-9893-E8007EAF1B5A}.Debug|Any CPU.ActiveCfg = Debug|Any CPU
		{690CD71C-D9F8-4C96-9893-E8007EAF1B5A}.Debug|Any CPU.Build.0 = Debug|Any CPU
		{690CD71C-D9F8-4C96-9893-E8007EAF1B5A}.Release|Any CPU.ActiveCfg = Release|Any CPU
		{690CD71C-D9F8-4C96-9893-E8007EAF1B5A}.Release|Any CPU.Build.0 = Release|Any CPU
		{F8DC12D7-53EE-40B8-AE15-D2A52E5FCB71}.Debug|Any CPU.ActiveCfg = Debug|Any CPU
		{F8DC12D7-53EE-40B8-AE15-D2A52E5FCB71}.Debug|Any CPU.Build.0 = Debug|Any CPU
		{F8DC12D7-53EE-40B8-AE15-D2A52E5FCB71}.Release|Any CPU.ActiveCfg = Release|Any CPU
		{F8DC12D7-53EE-40B8-AE15-D2A52E5FCB71}.Release|Any CPU.Build.0 = Release|Any CPU
		{F6E49A32-D0CA-4597-A5BE-AE6FC92D2C2A}.Debug|Any CPU.ActiveCfg = Debug|Any CPU
		{F6E49A32-D0CA-4597-A5BE-AE6FC92D2C2A}.Debug|Any CPU.Build.0 = Debug|Any CPU
		{F6E49A32-D0CA-4597-A5BE-AE6FC92D2C2A}.Release|Any CPU.ActiveCfg = Release|Any CPU
		{F6E49A32-D0CA-4597-A5BE-AE6FC92D2C2A}.Release|Any CPU.Build.0 = Release|Any CPU
		{ABD603BB-0EE3-4F1B-B84E-1CFE2C6516CE}.Debug|Any CPU.ActiveCfg = Debug|Any CPU
		{ABD603BB-0EE3-4F1B-B84E-1CFE2C6516CE}.Debug|Any CPU.Build.0 = Debug|Any CPU
		{ABD603BB-0EE3-4F1B-B84E-1CFE2C6516CE}.Release|Any CPU.ActiveCfg = Release|Any CPU
		{ABD603BB-0EE3-4F1B-B84E-1CFE2C6516CE}.Release|Any CPU.Build.0 = Release|Any CPU
		{8D5C7BA1-C2C5-4F66-A355-0629BFF5767B}.Debug|Any CPU.ActiveCfg = Debug|Any CPU
		{8D5C7BA1-C2C5-4F66-A355-0629BFF5767B}.Debug|Any CPU.Build.0 = Debug|Any CPU
		{8D5C7BA1-C2C5-4F66-A355-0629BFF5767B}.Release|Any CPU.ActiveCfg = Release|Any CPU
		{8D5C7BA1-C2C5-4F66-A355-0629BFF5767B}.Release|Any CPU.Build.0 = Release|Any CPU
		{78B11538-D04A-4A22-90DD-FD1D85B83315}.Debug|Any CPU.ActiveCfg = Debug|Any CPU
		{78B11538-D04A-4A22-90DD-FD1D85B83315}.Debug|Any CPU.Build.0 = Debug|Any CPU
		{78B11538-D04A-4A22-90DD-FD1D85B83315}.Release|Any CPU.ActiveCfg = Release|Any CPU
		{78B11538-D04A-4A22-90DD-FD1D85B83315}.Release|Any CPU.Build.0 = Release|Any CPU
		{95C0C611-A3E5-4500-A0E1-051891597848}.Debug|Any CPU.ActiveCfg = Debug|Any CPU
		{95C0C611-A3E5-4500-A0E1-051891597848}.Debug|Any CPU.Build.0 = Debug|Any CPU
		{95C0C611-A3E5-4500-A0E1-051891597848}.Release|Any CPU.ActiveCfg = Release|Any CPU
		{95C0C611-A3E5-4500-A0E1-051891597848}.Release|Any CPU.Build.0 = Release|Any CPU
	EndGlobalSection
	GlobalSection(SolutionProperties) = preSolution
		HideSolutionNode = FALSE
	EndGlobalSection
	GlobalSection(NestedProjects) = preSolution
		{DEC4F266-D133-40D3-ACEB-3541C0A922BD} = {02EA681E-C7D8-13C7-8484-4AC65E1B71E8}
		{622A6C1A-4082-4B0D-9A9B-4D0FB0B59038} = {02EA681E-C7D8-13C7-8484-4AC65E1B71E8}
		{95BFC8F6-E9CB-4C5E-A5D6-9E3290480818} = {DEC4F266-D133-40D3-ACEB-3541C0A922BD}
		{F7EE52F2-54FC-4AEC-B263-312ECB31C146} = {95BFC8F6-E9CB-4C5E-A5D6-9E3290480818}
		{690CD71C-D9F8-4C96-9893-E8007EAF1B5A} = {95BFC8F6-E9CB-4C5E-A5D6-9E3290480818}
		{F8DC12D7-53EE-40B8-AE15-D2A52E5FCB71} = {95BFC8F6-E9CB-4C5E-A5D6-9E3290480818}
		{F6E49A32-D0CA-4597-A5BE-AE6FC92D2C2A} = {95BFC8F6-E9CB-4C5E-A5D6-9E3290480818}
		{0EB18071-CDAB-4F53-AD73-577AC39D1319} = {DEC4F266-D133-40D3-ACEB-3541C0A922BD}
		{ABD603BB-0EE3-4F1B-B84E-1CFE2C6516CE} = {0EB18071-CDAB-4F53-AD73-577AC39D1319}
		{8D5C7BA1-C2C5-4F66-A355-0629BFF5767B} = {0EB18071-CDAB-4F53-AD73-577AC39D1319}
		{78B11538-D04A-4A22-90DD-FD1D85B83315} = {0EB18071-CDAB-4F53-AD73-577AC39D1319}
		{95C0C611-A3E5-4500-A0E1-051891597848} = {0EB18071-CDAB-4F53-AD73-577AC39D1319}
	EndGlobalSection
	GlobalSection(ExtensibilityGlobals) = postSolution
		SolutionGuid = {01D0DAB0-008A-4CFB-8403-A9C9681D0A27}
	EndGlobalSection
EndGlobal
